{
  "name": "@financeai/root",
  "version": "0.0.1",
  "lockfileVersion": 3,
  "requires": true,
  "packages": {
    "": {
      "name": "@financeai/root",
      "version": "0.0.1",
      "workspaces": [
        "packages/*"
      ],
      "devDependencies": {
        "@types/node": "^20.10.0",
        "typescript": "^5.3.0"
      },
      "engines": {
        "node": ">=18.0.0",
        "npm": ">=9.0.0"
      }
    },
    "node_modules/@financeai/infra-db": {
      "resolved": "packages/infra-db",
      "link": true
    },
    "node_modules/@types/node": {
      "version": "20.19.25",
      "resolved": "https://registry.npmjs.org/@types/node/-/node-20.19.25.tgz",
      "integrity": "sha512-ZsJzA5thDQMSQO788d7IocwwQbI8B5OPzmqNvpf3NY/+MHDAS759Wo0gd2WQeXYt5AAAQjzcrTVC6SKCuYgoCQ==",
      "dev": true,
      "license": "MIT",
      "dependencies": {
        "undici-types": "~6.21.0"
      }
    },
    "node_modules/dexie": {
      "version": "3.2.7",
      "resolved": "https://registry.npmjs.org/dexie/-/dexie-3.2.7.tgz",
      "integrity": "sha512-2a+BXvVhY5op+smDRLxeBAivE7YcYaneXJ1la3HOkUfX9zKkE/AJ8CNgjiXbtXepFyFmJNGSbmjOwqbT749r/w==",
      "license": "Apache-2.0",
      "engines": {
        "node": ">=6.0"
      }
    },
    "node_modules/typescript": {
      "version": "5.9.3",
      "resolved": "https://registry.npmjs.org/typescript/-/typescript-5.9.3.tgz",
      "integrity": "sha512-jl1vZzPDinLr9eUt3J/t7V6FgNEw9QjvBPdysz9KfQDD41fQrC2Y4vKQdiaUpFT4bXlb1RHhLpp8wtm6M5TgSw==",
      "dev": true,
      "license": "Apache-2.0",
      "bin": {
        "tsc": "bin/tsc",
        "tsserver": "bin/tsserver"
      },
      "engines": {
        "node": ">=14.17"
      }
    },
    "node_modules/undici-types": {
      "version": "6.21.0",
      "resolved": "https://registry.npmjs.org/undici-types/-/undici-types-6.21.0.tgz",
      "integrity": "sha512-iwDZqg0QAGrg9Rav5H4n0M64c3mkR59cJ6wQp+7C4nI0gsmExaedaYLNO44eT4AtBBwjbTiGPMlt2Md0T9H9JQ==",
      "dev": true,
      "license": "MIT"
    },
    "packages/infra-db": {
      "name": "@financeai/infra-db",
      "version": "0.0.1",
      "license": "ISC",
      "dependencies": {
        "dexie": "^3.2.4"
      },
      "devDependencies": {
        "@types/node": "^20.10.0",
        "typescript": "^5.3.0"
      }
    }
  }
}
